
Microsoft Visual Studio Solution File, Format Version 12.00
# Visual Studio Version 17
VisualStudioVersion = 17.8.34525.116
MinimumVisualStudioVersion = 10.0.40219.1
Project("{9A19103F-16F7-4668-BE54-9A1E7A4F7556}") = "AutoFacTestbed", "AutoFacTestbed\AutoFacTestbed.csproj", "{5ADF940D-915F-499C-BA9A-E9AF23FE1953}"
EndProject
Project("{9A19103F-16F7-4668-BE54-9A1E7A4F7556}") = "AutoRegister", "AutoRegister\AutoRegister.csproj", "{C72A52E6-9D57-4D89-912B-059A73BB7968}"
EndProject
Project("{9A19103F-16F7-4668-BE54-9A1E7A4F7556}") = "WebHost", "WebHost\WebHost.csproj", "{FE1FC5F9-9436-48B8-8A60-EE479BDAC6C0}"
EndProject
Project("{FAE04EC0-301F-11D3-BF4B-00C04F79EFBC}") = "WebHost.Tests", "WebHost.Tests\WebHost.Tests.csproj", "{4640647E-82AC-4300-9168-FE592D853F8E}"
EndProject
Global
	GlobalSection(SolutionConfigurationPlatforms) = preSolution
		Debug|Any CPU = Debug|Any CPU
		Release|Any CPU = Release|Any CPU
	EndGlobalSection
	GlobalSection(ProjectConfigurationPlatforms) = postSolution
		{5ADF940D-915F-499C-BA9A-E9AF23FE1953}.Debug|Any CPU.ActiveCfg = Debug|Any CPU
		{5ADF940D-915F-499C-BA9A-E9AF23FE1953}.Debug|Any CPU.Build.0 = Debug|Any CPU
		{5ADF940D-915F-499C-BA9A-E9AF23FE1953}.Release|Any CPU.ActiveCfg = Release|Any CPU
		{5ADF940D-915F-499C-BA9A-E9AF23FE1953}.Release|Any CPU.Build.0 = Release|Any CPU
		{C72A52E6-9D57-4D89-912B-059A73BB7968}.Debug|Any CPU.ActiveCfg = Debug|Any CPU
		{C72A52E6-9D57-4D89-912B-059A73BB7968}.Debug|Any CPU.Build.0 = Debug|Any CPU
		{C72A52E6-9D57-4D89-912B-059A73BB7968}.Release|Any CPU.ActiveCfg = Release|Any CPU
		{C72A52E6-9D57-4D89-912B-059A73BB7968}.Release|Any CPU.Build.0 = Release|Any CPU
		{FE1FC5F9-9436-48B8-8A60-EE479BDAC6C0}.Debug|Any CPU.ActiveCfg = Debug|Any CPU
		{FE1FC5F9-9436-48B8-8A60-EE479BDAC6C0}.Debug|Any CPU.Build.0 = Debug|Any CPU
		{FE1FC5F9-9436-48B8-8A60-EE479BDAC6C0}.Release|Any CPU.ActiveCfg = Release|Any CPU
		{FE1FC5F9-9436-48B8-8A60-EE479BDAC6C0}.Release|Any CPU.Build.0 = Release|Any CPU
		{4640647E-82AC-4300-9168-FE592D853F8E}.Debug|Any CPU.ActiveCfg = Debug|Any CPU
		{4640647E-82AC-4300-9168-FE592D853F8E}.Debug|Any CPU.Build.0 = Debug|Any CPU
		{4640647E-82AC-4300-9168-FE592D853F8E}.Release|Any CPU.ActiveCfg = Release|Any CPU
		{4640647E-82AC-4300-9168-FE592D853F8E}.Release|Any CPU.Build.0 = Release|Any CPU
	EndGlobalSection
	GlobalSection(SolutionProperties) = preSolution
		HideSolutionNode = FALSE
	EndGlobalSection
	GlobalSection(ExtensibilityGlobals) = postSolution
		SolutionGuid = {8677D0CE-6186-48CD-9DB0-40897F2CA593}
	EndGlobalSection
EndGlobal
